{
  "name": "github.io",
  "version": "0.0.0",
  "lockfileVersion": 1,
  "requires": true,
  "dependencies": {
    "@babel/helper-validator-identifier": {
      "version": "7.14.0",
      "resolved": "https://registry.npmjs.org/@babel/helper-validator-identifier/-/helper-validator-identifier-7.14.0.tgz",
      "integrity": "sha512-V3ts7zMSu5lfiwWDVWzRDGIN+lnCEUdaXgtVHJgLb1rGaA6jMrtB9EmE7L18foXJIE8Un/A/h6NJfGQp/e1J4A=="
    },
    "@babel/parser": {
      "version": "7.14.1",
      "resolved": "https://registry.npmjs.org/@babel/parser/-/parser-7.14.1.tgz",
      "integrity": "sha512-muUGEKu8E/ftMTPlNp+mc6zL3E9zKWmF5sDHZ5MSsoTP9Wyz64AhEf9kD08xYJ7w6Hdcu8H550ircnPyWSIF0Q=="
    },
    "@babel/types": {
      "version": "7.14.1",
      "resolved": "https://registry.npmjs.org/@babel/types/-/types-7.14.1.tgz",
      "integrity": "sha512-S13Qe85fzLs3gYRUnrpyeIrBJIMYv33qSTg1qoBwiG6nPKwUWAD9odSzWhEedpwOIzSEI6gbdQIWEMiCI42iBA==",
      "requires": {
        "@babel/helper-validator-identifier": "^7.14.0",
        "to-fast-properties": "^2.0.0"
      }
    },
    "@types/node": {
      "version": "15.0.2",
      "resolved": "https://registry.npmjs.org/@types/node/-/node-15.0.2.tgz",
      "integrity": "sha512-p68+a+KoxpoB47015IeYZYRrdqMUcpbK8re/zpFB8Ld46LHC1lPEbp3EXgkEhAYEcPvjJF6ZO+869SQ0aH1dcA==",
      "dev": true
    },
    "@vitejs/plugin-vue": {
      "version": "1.2.2",
      "resolved": "https://registry.npmjs.org/@vitejs/plugin-vue/-/plugin-vue-1.2.2.tgz",
      "integrity": "sha512-5BI2WFfs/Z0pAV4S/IQf1oH3bmFYlL5ATMBHgTt1Lf7hAnfpNd5oUAAs6hZPfk3QhvyUQgtk0rJBlabwNFcBJQ=="
    },
    "@vue/compiler-core": {
      "version": "3.0.11",
      "resolved": "https://registry.npmjs.org/@vue/compiler-core/-/compiler-core-3.0.11.tgz",
      "integrity": "sha512-6sFj6TBac1y2cWCvYCA8YzHJEbsVkX7zdRs/3yK/n1ilvRqcn983XvpBbnN3v4mZ1UiQycTvOiajJmOgN9EVgw==",
      "requires": {
        "@babel/parser": "^7.12.0",
        "@babel/types": "^7.12.0",
        "@vue/shared": "3.0.11",
        "estree-walker": "^2.0.1",
        "source-map": "^0.6.1"
      }
    },
    "@vue/compiler-dom": {
      "version": "3.0.11",
      "resolved": "https://registry.npmjs.org/@vue/compiler-dom/-/compiler-dom-3.0.11.tgz",
      "integrity": "sha512-+3xB50uGeY5Fv9eMKVJs2WSRULfgwaTJsy23OIltKgMrynnIj8hTYY2UL97HCoz78aDw1VDXdrBQ4qepWjnQcw==",
      "requires": {
        "@vue/compiler-core": "3.0.11",
        "@vue/shared": "3.0.11"
      }
    },
    "@vue/compiler-sfc": {
      "version": "3.0.11",
      "resolved": "https://registry.npmjs.org/@vue/compiler-sfc/-/compiler-sfc-3.0.11.tgz",
      "integrity": "sha512-7fNiZuCecRleiyVGUWNa6pn8fB2fnuJU+3AGjbjl7r1P5wBivfl02H4pG+2aJP5gh2u+0wXov1W38tfWOphsXw==",
      "requires": {
        "@babel/parser": "^7.13.9",
        "@babel/types": "^7.13.0",
        "@vue/compiler-core": "3.0.11",
        "@vue/compiler-dom": "3.0.11",
        "@vue/compiler-ssr": "3.0.11",
        "@vue/shared": "3.0.11",
        "consolidate": "^0.16.0",
        "estree-walker": "^2.0.1",
        "hash-sum": "^2.0.0",
        "lru-cache": "^5.1.1",
        "magic-string": "^0.25.7",
        "merge-source-map": "^1.1.0",
        "postcss": "^8.1.10",
        "postcss-modules": "^4.0.0",
        "postcss-selector-parser": "^6.0.4",
        "source-map": "^0.6.1"
      }
    },
    "@vue/compiler-ssr": {
      "version": "3.0.11",
      "resolved": "https://registry.npmjs.org/@vue/compiler-ssr/-/compiler-ssr-3.0.11.tgz",
      "integrity": "sha512-66yUGI8SGOpNvOcrQybRIhl2M03PJ+OrDPm78i7tvVln86MHTKhM3ERbALK26F7tXl0RkjX4sZpucCpiKs3MnA==",
      "requires": {
        "@vue/compiler-dom": "3.0.11",
        "@vue/shared": "3.0.11"
      }
    },
    "@vue/reactivity": {
      "version": "3.0.11",
      "resolved": "https://registry.npmjs.org/@vue/reactivity/-/reactivity-3.0.11.tgz",
      "integrity": "sha512-SKM3YKxtXHBPMf7yufXeBhCZ4XZDKP9/iXeQSC8bBO3ivBuzAi4aZi0bNoeE2IF2iGfP/AHEt1OU4ARj4ao/Xw==",
      "requires": {
        "@vue/shared": "3.0.11"
      }
    },
    "@vue/runtime-core": {
      "version": "3.0.11",
      "resolved": "https://registry.npmjs.org/@vue/runtime-core/-/runtime-core-3.0.11.tgz",
      "integrity": "sha512-87XPNwHfz9JkmOlayBeCCfMh9PT2NBnv795DSbi//C/RaAnc/bGZgECjmkD7oXJ526BZbgk9QZBPdFT8KMxkAg==",
      "requires": {
        "@vue/reactivity": "3.0.11",
        "@vue/shared": "3.0.11"
      }
    },
    "@vue/runtime-dom": {
      "version": "3.0.11",
      "resolved": "https://registry.npmjs.org/@vue/runtime-dom/-/runtime-dom-3.0.11.tgz",
      "integrity": "sha512-jm3FVQESY3y2hKZ2wlkcmFDDyqaPyU3p1IdAX92zTNeCH7I8zZ37PtlE1b9NlCtzV53WjB4TZAYh9yDCMIEumA==",
      "requires": {
        "@vue/runtime-core": "3.0.11",
        "@vue/shared": "3.0.11",
        "csstype": "^2.6.8"
      }
    },
    "@vue/shared": {
      "version": "3.0.11",
      "resolved": "https://registry.npmjs.org/@vue/shared/-/shared-3.0.11.tgz",
      "integrity": "sha512-b+zB8A2so8eCE0JsxjL24J7vdGl8rzPQ09hZNhystm+KqSbKcAej1A+Hbva1rCMmTTqA+hFnUSDc5kouEo0JzA=="
    },
    "anymatch": {
      "version": "3.1.1",
      "resolved": "https://registry.npmjs.org/anymatch/-/anymatch-3.1.1.tgz",
      "integrity": "sha512-mM8522psRCqzV+6LhomX5wgp25YVibjh8Wj23I5RPkPppSVSjyKD2A2mBJmWGa+KN7f2D6LNh9jkBCeyLktzjg==",
      "dev": true,
      "requires": {
        "normalize-path": "^3.0.0",
        "picomatch": "^2.0.4"
      }
    },
    "argparse": {
      "version": "1.0.10",
      "resolved": "https://registry.npmjs.org/argparse/-/argparse-1.0.10.tgz",
      "integrity": "sha512-o5Roy6tNG4SL/FOkCAN6RzjiakZS25RLYFrcMttJqbdd8BWrnA+fGz57iN5Pb06pvBGvl5gQ0B48dJlslXvoTg==",
      "dev": true,
      "requires": {
        "sprintf-js": "~1.0.2"
      }
    },
    "big.js": {
      "version": "5.2.2",
      "resolved": "https://registry.npmjs.org/big.js/-/big.js-5.2.2.tgz",
      "integrity": "sha512-vyL2OymJxmarO8gxMr0mhChsO9QGwhynfuu4+MHTAW6czfq9humCB7rKpUjDd9YUiDPU4mzpyupFSvOClAwbmQ=="
    },
    "binary-extensions": {
      "version": "2.1.0",
      "resolved": "https://registry.npmjs.org/binary-extensions/-/binary-extensions-2.1.0.tgz",
      "integrity": "sha512-1Yj8h9Q+QDF5FzhMs/c9+6UntbD5MkRfRwac8DoEm9ZfUBZ7tZ55YcGVAzEe4bXsdQHEk+s9S5wsOKVdZrw0tQ==",
      "dev": true
    },
    "bluebird": {
      "version": "3.7.2",
      "resolved": "https://registry.npmjs.org/bluebird/-/bluebird-3.7.2.tgz",
      "integrity": "sha512-XpNj6GDQzdfW+r2Wnn7xiSAd7TM3jzkxGXBGTtWKuSXv1xUV+azxAm8jdWZN06QTQk+2N2XB9jRDkvbmQmcRtg=="
    },
    "braces": {
      "version": "3.0.2",
      "resolved": "https://registry.npmjs.org/braces/-/braces-3.0.2.tgz",
      "integrity": "sha512-b8um+L1RzM3WDSzvhm6gIz1yfTbBt6YTlcEKAvsmqCZZFw46z626lVj9j1yEPW33H5H+lBQpZMP1k8l+78Ha0A==",
      "dev": true,
      "requires": {
        "fill-range": "^7.0.1"
      }
    },
    "chokidar": {
      "version": "3.4.2",
      "resolved": "https://registry.npmjs.org/chokidar/-/chokidar-3.4.2.tgz",
      "integrity": "sha512-IZHaDeBeI+sZJRX7lGcXsdzgvZqKv6sECqsbErJA4mHWfpRrD8B97kSFN4cQz6nGBGiuFia1MKR4d6c1o8Cv7A==",
      "dev": true,
      "requires": {
        "anymatch": "~3.1.1",
        "braces": "~3.0.2",
        "fsevents": "~2.1.2",
        "glob-parent": "~5.1.0",
        "is-binary-path": "~2.1.0",
        "is-glob": "~4.0.1",
        "normalize-path": "~3.0.0",
        "readdirp": "~3.4.0"
      }
    },
    "codemirror": {
      "version": "5.57.0",
      "resolved": "https://registry.npmjs.org/codemirror/-/codemirror-5.57.0.tgz",
      "integrity": "sha512-WGc6UL7Hqt+8a6ZAsj/f1ApQl3NPvHY/UQSzG6fB6l4BjExgVdhFaxd7mRTw1UCiYe/6q86zHP+kfvBQcZGvUg=="
    },
    "colorette": {
      "version": "1.2.2",
      "resolved": "https://registry.npmjs.org/colorette/-/colorette-1.2.2.tgz",
      "integrity": "sha512-MKGMzyfeuutC/ZJ1cba9NqcNpfeqMUcYmyF1ZFY6/Cn7CNSAKx6a+s48sqLqyAiZuaP2TcqMhoo+dlwFnVxT9w=="
    },
    "consolidate": {
      "version": "0.16.0",
      "resolved": "https://registry.npmjs.org/consolidate/-/consolidate-0.16.0.tgz",
      "integrity": "sha512-Nhl1wzCslqXYTJVDyJCu3ODohy9OfBMB5uD2BiBTzd7w+QY0lBzafkR8y8755yMYHAaMD4NuzbAw03/xzfw+eQ==",
      "requires": {
        "bluebird": "^3.7.2"
      }
    },
    "cssesc": {
      "version": "3.0.0",
      "resolved": "https://registry.npmjs.org/cssesc/-/cssesc-3.0.0.tgz",
      "integrity": "sha512-/Tb/JcjK111nNScGob5MNtsntNM1aCNUDipB/TkwZFhyDrrE47SOx/18wF2bbjgc3ZzCSKW1T5nt5EbFoAz/Vg=="
    },
    "csstype": {
      "version": "2.6.17",
      "resolved": "https://registry.npmjs.org/csstype/-/csstype-2.6.17.tgz",
      "integrity": "sha512-u1wmTI1jJGzCJzWndZo8mk4wnPTZd1eOIYTYvuEyOQGfmDl3TrabCCfKnOC86FZwW/9djqTl933UF/cS425i9A=="
    },
    "dom-serializer": {
      "version": "1.3.1",
      "resolved": "https://registry.npmjs.org/dom-serializer/-/dom-serializer-1.3.1.tgz",
      "integrity": "sha512-Pv2ZluG5ife96udGgEDovOOOA5UELkltfJpnIExPrAk1LTvecolUGn6lIaoLh86d83GiB86CjzciMd9BuRB71Q==",
      "dev": true,
      "requires": {
        "domelementtype": "^2.0.1",
        "domhandler": "^4.0.0",
        "entities": "^2.0.0"
      }
    },
    "domelementtype": {
      "version": "2.2.0",
      "resolved": "https://registry.npmjs.org/domelementtype/-/domelementtype-2.2.0.tgz",
      "integrity": "sha512-DtBMo82pv1dFtUmHyr48beiuq792Sxohr+8Hm9zoxklYPfa6n0Z3Byjj2IV7bmr2IyqClnqEQhfgHJJ5QF0R5A==",
      "dev": true
    },
    "domhandler": {
      "version": "4.2.0",
      "resolved": "https://registry.npmjs.org/domhandler/-/domhandler-4.2.0.tgz",
      "integrity": "sha512-zk7sgt970kzPks2Bf+dwT/PLzghLnsivb9CcxkvR8Mzr66Olr0Ofd8neSbglHJHaHa2MadfoSdNlKYAaafmWfA==",
      "dev": true,
      "requires": {
        "domelementtype": "^2.2.0"
      }
    },
    "domutils": {
      "version": "2.6.0",
      "resolved": "https://registry.npmjs.org/domutils/-/domutils-2.6.0.tgz",
      "integrity": "sha512-y0BezHuy4MDYxh6OvolXYsH+1EMGmFbwv5FKW7ovwMG6zTPWqNPq3WF9ayZssFq+UlKdffGLbOEaghNdaOm1WA==",
      "dev": true,
      "requires": {
        "dom-serializer": "^1.0.1",
        "domelementtype": "^2.2.0",
        "domhandler": "^4.2.0"
      }
    },
    "emojis-list": {
      "version": "3.0.0",
      "resolved": "https://registry.npmjs.org/emojis-list/-/emojis-list-3.0.0.tgz",
      "integrity": "sha512-/kyM18EfinwXZbno9FyUGeFh87KC8HRQBQGildHZbEuRyWFOmv1U10o9BBp8XVZDVNNuQKyIGIu5ZYAAXJ0V2Q=="
    },
    "entities": {
      "version": "2.2.0",
      "resolved": "https://registry.npmjs.org/entities/-/entities-2.2.0.tgz",
      "integrity": "sha512-p92if5Nz619I0w+akJrLZH0MX0Pb5DX39XOwQTtXSdQQOaYH03S1uIQp4mhOZtAXrxq4ViO67YTiLBo2638o9A==",
      "dev": true
    },
    "esbuild": {
      "version": "0.9.7",
      "resolved": "https://registry.npmjs.org/esbuild/-/esbuild-0.9.7.tgz",
      "integrity": "sha512-VtUf6aQ89VTmMLKrWHYG50uByMF4JQlVysb8dmg6cOgW8JnFCipmz7p+HNBl+RR3LLCuBxFGVauAe2wfnF9bLg==",
      "dev": true
    },
    "esprima": {
      "version": "4.0.1",
      "resolved": "https://registry.npmjs.org/esprima/-/esprima-4.0.1.tgz",
      "integrity": "sha512-eGuFFw7Upda+g4p+QHvnW0RyTX/SVeJBDM/gCtMARO0cLuT2HcEKnTPvhjV6aGeqrCB/sbNop0Kszm0jsaWU4A==",
      "dev": true
    },
    "estree-walker": {
      "version": "2.0.2",
      "resolved": "https://registry.npmjs.org/estree-walker/-/estree-walker-2.0.2.tgz",
      "integrity": "sha512-Rfkk/Mp/DL7JVje3u18FxFujQlTNR2q6QfMSMB7AvCBx91NGj/ba3kCfza0f6dVDbw7YlRf/nDrn7pQrCCyQ/w=="
    },
    "fill-range": {
      "version": "7.0.1",
      "resolved": "https://registry.npmjs.org/fill-range/-/fill-range-7.0.1.tgz",
      "integrity": "sha512-qOo9F+dMUmC2Lcb4BbVvnKJxTPjCm+RRpe4gDuGrzkL7mEVl/djYSu2OdQ2Pa302N4oqkSg9ir6jaLWJ2USVpQ==",
      "dev": true,
      "requires": {
        "to-regex-range": "^5.0.1"
      }
    },
    "front-matter": {
      "version": "4.0.2",
      "resolved": "https://registry.npmjs.org/front-matter/-/front-matter-4.0.2.tgz",
      "integrity": "sha512-I8ZuJ/qG92NWX8i5x1Y8qyj3vizhXS31OxjKDu3LKP+7/qBgfIKValiZIEwoVoJKUHlhWtYrktkxV1XsX+pPlg==",
      "dev": true,
      "requires": {
        "js-yaml": "^3.13.1"
      }
    },
    "fsevents": {
      "version": "2.1.3",
      "resolved": "https://registry.npmjs.org/fsevents/-/fsevents-2.1.3.tgz",
      "integrity": "sha512-Auw9a4AxqWpa9GUfj370BMPzzyncfBABW8Mab7BGWBYDj4Isgq+cDKtx0i6u9jcX9pQDnswsaaOTgTmA5pEjuQ==",
      "dev": true,
      "optional": true
    },
    "function-bind": {
      "version": "1.1.1",
      "resolved": "https://registry.npmjs.org/function-bind/-/function-bind-1.1.1.tgz",
      "integrity": "sha512-yIovAzMX49sF8Yl58fSCWJ5svSLuaibPxXQJFLmBObTuCr0Mf1KiPopGM9NiFjiYBCbfaa2Fh6breQ6ANVTI0A==",
      "dev": true
    },
    "generic-names": {
      "version": "2.0.1",
      "resolved": "https://registry.npmjs.org/generic-names/-/generic-names-2.0.1.tgz",
      "integrity": "sha512-kPCHWa1m9wGG/OwQpeweTwM/PYiQLrUIxXbt/P4Nic3LbGjCP0YwrALHW1uNLKZ0LIMg+RF+XRlj2ekT9ZlZAQ==",
      "requires": {
        "loader-utils": "^1.1.0"
      }
    },
    "glob-parent": {
      "version": "5.1.1",
      "resolved": "https://registry.npmjs.org/glob-parent/-/glob-parent-5.1.1.tgz",
      "integrity": "sha512-FnI+VGOpnlGHWZxthPGR+QhR78fuiK0sNLkHQv+bL9fQi57lNNdquIbna/WrfROrolq8GK5Ek6BiMwqL/voRYQ==",
      "dev": true,
      "requires": {
        "is-glob": "^4.0.1"
      }
    },
    "has": {
      "version": "1.0.3",
      "resolved": "https://registry.npmjs.org/has/-/has-1.0.3.tgz",
      "integrity": "sha512-f2dvO0VU6Oej7RkWJGrehjbzMAjFp5/VKPp5tTpWIV4JHHZK1/BxbFRtf/siA2SWTe09caDmVtYYzWEIbBS4zw==",
      "dev": true,
      "requires": {
        "function-bind": "^1.1.1"
      }
    },
    "hash-sum": {
      "version": "2.0.0",
      "resolved": "https://registry.npmjs.org/hash-sum/-/hash-sum-2.0.0.tgz",
      "integrity": "sha512-WdZTbAByD+pHfl/g9QSsBIIwy8IT+EsPiKDs0KNX+zSHhdDLFKdZu0BQHljvO+0QI/BasbMSUa8wYNCZTvhslg=="
    },
    "highlight.js": {
      "version": "10.2.0",
      "resolved": "https://registry.npmjs.org/highlight.js/-/highlight.js-10.2.0.tgz",
      "integrity": "sha512-OryzPiqqNCfO/wtFo619W+nPYALM6u7iCQkum4bqRmmlcTikOkmlL06i009QelynBPAlNByTQU6cBB2cOBQtCw==",
      "dev": true
    },
    "htmlparser2": {
      "version": "6.1.0",
      "resolved": "https://registry.npmjs.org/htmlparser2/-/htmlparser2-6.1.0.tgz",
      "integrity": "sha512-gyyPk6rgonLFEDGoeRgQNaEUvdJ4ktTmmUh/h2t7s+M8oPpIPxgNACWa+6ESR57kXstwqPiCut0V8NRpcwgU7A==",
      "dev": true,
      "requires": {
        "domelementtype": "^2.0.1",
        "domhandler": "^4.0.0",
        "domutils": "^2.5.2",
        "entities": "^2.0.0"
      }
    },
    "icss-replace-symbols": {
      "version": "1.1.0",
      "resolved": "https://registry.npmjs.org/icss-replace-symbols/-/icss-replace-symbols-1.1.0.tgz",
      "integrity": "sha1-Bupvg2ead0njhs/h/oEq5dsiPe0="
    },
    "icss-utils": {
      "version": "5.1.0",
      "resolved": "https://registry.npmjs.org/icss-utils/-/icss-utils-5.1.0.tgz",
      "integrity": "sha512-soFhflCVWLfRNOPU3iv5Z9VUdT44xFRbzjLsEzSr5AQmgqPMTHdU3PMT1Cf1ssx8fLNJDA1juftYl+PUcv3MqA=="
    },
    "is-binary-path": {
      "version": "2.1.0",
      "resolved": "https://registry.npmjs.org/is-binary-path/-/is-binary-path-2.1.0.tgz",
      "integrity": "sha512-ZMERYes6pDydyuGidse7OsHxtbI7WVeUEozgR/g7rd0xUimYNlvZRE/K2MgZTjWy725IfelLeVcEM97mmtRGXw==",
      "dev": true,
      "requires": {
        "binary-extensions": "^2.0.0"
      }
    },
    "is-core-module": {
      "version": "2.3.0",
      "resolved": "https://registry.npmjs.org/is-core-module/-/is-core-module-2.3.0.tgz",
      "integrity": "sha512-xSphU2KG9867tsYdLD4RWQ1VqdFl4HTO9Thf3I/3dLEfr0dbPTWKsuCKrgqMljg4nPE+Gq0VCnzT3gr0CyBmsw==",
      "dev": true,
      "requires": {
        "has": "^1.0.3"
      }
    },
    "is-extglob": {
      "version": "2.1.1",
      "resolved": "https://registry.npmjs.org/is-extglob/-/is-extglob-2.1.1.tgz",
      "integrity": "sha1-qIwCU1eR8C7TfHahueqXc8gz+MI=",
      "dev": true
    },
    "is-glob": {
      "version": "4.0.1",
      "resolved": "https://registry.npmjs.org/is-glob/-/is-glob-4.0.1.tgz",
      "integrity": "sha512-5G0tKtBTFImOqDnLB2hG6Bp2qcKEFduo4tZu9MT/H6NQv/ghhy30o55ufafxJ/LdH79LLs2Kfrn85TLKyA7BUg==",
      "dev": true,
      "requires": {
        "is-extglob": "^2.1.1"
      }
    },
    "is-number": {
      "version": "7.0.0",
      "resolved": "https://registry.npmjs.org/is-number/-/is-number-7.0.0.tgz",
      "integrity": "sha512-41Cifkg6e8TylSpdtTpeLVMqvSBEVzTttHvERD741+pnZ8ANv0004MRL43QKPDlK9cGvNp6NZWZUBlbGXYxxng==",
      "dev": true
    },
    "js-yaml": {
      "version": "3.14.1",
      "resolved": "https://registry.npmjs.org/js-yaml/-/js-yaml-3.14.1.tgz",
      "integrity": "sha512-okMH7OXXJ7YrN9Ok3/SXrnu4iX9yOk+25nqX4imS2npuvTYDmo/QEZoqwZkYaIDk3jVvBOTOIEgEhaLOynBS9g==",
      "dev": true,
      "requires": {
        "argparse": "^1.0.7",
        "esprima": "^4.0.0"
      }
    },
    "json5": {
      "version": "1.0.1",
      "resolved": "https://registry.npmjs.org/json5/-/json5-1.0.1.tgz",
      "integrity": "sha512-aKS4WQjPenRxiQsC93MNfjx+nbF4PAdYzmd/1JIj8HYzqfbu86beTuNgXDzPknWk0n0uARlyewZo4s++ES36Ow==",
      "requires": {
        "minimist": "^1.2.0"
      }
    },
    "linkify-it": {
      "version": "3.0.2",
      "resolved": "https://registry.npmjs.org/linkify-it/-/linkify-it-3.0.2.tgz",
      "integrity": "sha512-gDBO4aHNZS6coiZCKVhSNh43F9ioIL4JwRjLZPkoLIY4yZFwg264Y5lu2x6rb1Js42Gh6Yqm2f6L2AJcnkzinQ==",
      "dev": true,
      "requires": {
        "uc.micro": "^1.0.1"
      }
    },
    "loader-utils": {
      "version": "1.4.0",
      "resolved": "https://registry.npmjs.org/loader-utils/-/loader-utils-1.4.0.tgz",
      "integrity": "sha512-qH0WSMBtn/oHuwjy/NucEgbx5dbxxnxup9s4PVXJUDHZBQY+s0NWA9rJf53RBnQZxfch7euUui7hpoAPvALZdA==",
      "requires": {
        "big.js": "^5.2.2",
        "emojis-list": "^3.0.0",
        "json5": "^1.0.1"
      }
    },
    "lodash.camelcase": {
      "version": "4.3.0",
      "resolved": "https://registry.npmjs.org/lodash.camelcase/-/lodash.camelcase-4.3.0.tgz",
      "integrity": "sha1-soqmKIorn8ZRA1x3EfZathkDMaY="
    },
    "lru-cache": {
      "version": "5.1.1",
      "resolved": "https://registry.npmjs.org/lru-cache/-/lru-cache-5.1.1.tgz",
      "integrity": "sha512-KpNARQA3Iwv+jTA0utUVVbrh+Jlrr1Fv0e56GGzAFOXN7dk/FviaDW8LHmK52DlcH4WP2n6gI8vN1aesBFgo9w==",
      "requires": {
        "yallist": "^3.0.2"
      }
    },
    "magic-string": {
      "version": "0.25.7",
      "resolved": "https://registry.npmjs.org/magic-string/-/magic-string-0.25.7.tgz",
      "integrity": "sha512-4CrMT5DOHTDk4HYDlzmwu4FVCcIYI8gauveasrdCu2IKIFOJ3f0v/8MDGJCDL9oD2ppz/Av1b0Nj345H9M+XIA==",
      "requires": {
        "sourcemap-codec": "^1.4.4"
      }
    },
    "markdown-it": {
      "version": "12.0.6",
      "resolved": "https://registry.npmjs.org/markdown-it/-/markdown-it-12.0.6.tgz",
      "integrity": "sha512-qv3sVLl4lMT96LLtR7xeRJX11OUFjsaD5oVat2/SNBIb21bJXwal2+SklcRbTwGwqWpWH/HRtYavOoJE+seL8w==",
      "dev": true,
      "requires": {
        "argparse": "^2.0.1",
        "entities": "~2.1.0",
        "linkify-it": "^3.0.1",
        "mdurl": "^1.0.1",
        "uc.micro": "^1.0.5"
      },
      "dependencies": {
        "argparse": {
          "version": "2.0.1",
          "resolved": "https://registry.npmjs.org/argparse/-/argparse-2.0.1.tgz",
          "integrity": "sha512-8+9WqebbFzpX9OR+Wa6O29asIogeRMzcGtAINdpMHHyAg10f05aSFVBbcEqGf/PXw1EjAZ+q2/bEBg3DvurK3Q==",
          "dev": true
        },
        "entities": {
          "version": "2.1.0",
          "resolved": "https://registry.npmjs.org/entities/-/entities-2.1.0.tgz",
          "integrity": "sha512-hCx1oky9PFrJ611mf0ifBLBRW8lUUVRlFolb5gWRfIELabBlbp9xZvrqZLZAs+NxFnbfQoeGd8wDkygjg7U85w==",
          "dev": true
        }
      }
    },
    "mdurl": {
      "version": "1.0.1",
      "resolved": "https://registry.npmjs.org/mdurl/-/mdurl-1.0.1.tgz",
      "integrity": "sha1-/oWy7HWlkDfyrf7BAP1sYBdhFS4=",
      "dev": true
    },
    "merge-source-map": {
      "version": "1.1.0",
      "resolved": "https://registry.npmjs.org/merge-source-map/-/merge-source-map-1.1.0.tgz",
      "integrity": "sha512-Qkcp7P2ygktpMPh2mCQZaf3jhN6D3Z/qVZHSdWvQ+2Ef5HgRAPBO57A77+ENm0CPx2+1Ce/MYKi3ymqdfuqibw==",
      "requires": {
        "source-map": "^0.6.1"
      }
    },
    "minimist": {
      "version": "1.2.5",
      "resolved": "https://registry.npmjs.org/minimist/-/minimist-1.2.5.tgz",
      "integrity": "sha512-FM9nNUYrRBAELZQT3xeZQ7fmMOBg6nWNmJKTcgsJeaLstP/UODVpGsr5OhXhhXg6f+qtJ8uiZ+PUxkDWcgIXLw=="
    },
    "mkdirp": {
      "version": "1.0.4",
      "resolved": "https://registry.npmjs.org/mkdirp/-/mkdirp-1.0.4.tgz",
      "integrity": "sha512-vVqVZQyf3WLx2Shd0qJ9xuvqgAyKPLAiqITEtqW0oIUjzo3PePDd6fW9iFz30ef7Ysp/oiWqbhszeGWW2T6Gzw=="
    },
    "nanoid": {
      "version": "3.1.22",
      "resolved": "https://registry.npmjs.org/nanoid/-/nanoid-3.1.22.tgz",
      "integrity": "sha512-/2ZUaJX2ANuLtTvqTlgqBQNJoQO398KyJgZloL0PZkC0dpysjncRUPsFe3DUPzz/y3h+u7C46np8RMuvF3jsSQ=="
    },
    "normalize-path": {
      "version": "3.0.0",
      "resolved": "https://registry.npmjs.org/normalize-path/-/normalize-path-3.0.0.tgz",
      "integrity": "sha512-6eZs5Ls3WtCisHWp9S2GUy8dqkpGi4BVSz3GaqiE6ezub0512ESztXUwUB6C6IKbQkY2Pnb/mD4WYojCRwcwLA==",
      "dev": true
    },
    "path-parse": {
      "version": "1.0.6",
      "resolved": "https://registry.npmjs.org/path-parse/-/path-parse-1.0.6.tgz",
      "integrity": "sha512-GSmOT2EbHrINBf9SR7CDELwlJ8AENk3Qn7OikK4nFYAu3Ote2+JYNVvkpAEQm3/TLNEJFD/xZJjzyxg3KBWOzw==",
      "dev": true
    },
    "picomatch": {
      "version": "2.2.2",
      "resolved": "https://registry.npmjs.org/picomatch/-/picomatch-2.2.2.tgz",
      "integrity": "sha512-q0M/9eZHzmr0AulXyPwNfZjtwZ/RBZlbN3K3CErVrk50T2ASYI7Bye0EvekFY3IP1Nt2DHu0re+V2ZHIpMkuWg==",
      "dev": true
    },
    "postcss": {
      "version": "8.2.14",
      "resolved": "https://registry.npmjs.org/postcss/-/postcss-8.2.14.tgz",
      "integrity": "sha512-+jD0ZijcvyCqPQo/m/CW0UcARpdFylq04of+Q7RKX6f/Tu+dvpUI/9Sp81+i6/vJThnOBX09Quw0ZLOVwpzX3w==",
      "requires": {
        "colorette": "^1.2.2",
        "nanoid": "^3.1.22",
        "source-map": "^0.6.1"
      }
    },
    "postcss-modules": {
      "version": "4.0.0",
      "resolved": "https://registry.npmjs.org/postcss-modules/-/postcss-modules-4.0.0.tgz",
      "integrity": "sha512-ghS/ovDzDqARm4Zj6L2ntadjyQMoyJmi0JkLlYtH2QFLrvNlxH5OAVRPWPeKilB0pY7SbuhO173KOWkPAxRJcw==",
      "requires": {
        "generic-names": "^2.0.1",
        "icss-replace-symbols": "^1.1.0",
        "lodash.camelcase": "^4.3.0",
        "postcss-modules-extract-imports": "^3.0.0",
        "postcss-modules-local-by-default": "^4.0.0",
        "postcss-modules-scope": "^3.0.0",
        "postcss-modules-values": "^4.0.0",
        "string-hash": "^1.1.1"
      }
    },
    "postcss-modules-extract-imports": {
      "version": "3.0.0",
      "resolved": "https://registry.npmjs.org/postcss-modules-extract-imports/-/postcss-modules-extract-imports-3.0.0.tgz",
      "integrity": "sha512-bdHleFnP3kZ4NYDhuGlVK+CMrQ/pqUm8bx/oGL93K6gVwiclvX5x0n76fYMKuIGKzlABOy13zsvqjb0f92TEXw=="
    },
    "postcss-modules-local-by-default": {
      "version": "4.0.0",
      "resolved": "https://registry.npmjs.org/postcss-modules-local-by-default/-/postcss-modules-local-by-default-4.0.0.tgz",
      "integrity": "sha512-sT7ihtmGSF9yhm6ggikHdV0hlziDTX7oFoXtuVWeDd3hHObNkcHRo9V3yg7vCAY7cONyxJC/XXCmmiHHcvX7bQ==",
      "requires": {
        "icss-utils": "^5.0.0",
        "postcss-selector-parser": "^6.0.2",
        "postcss-value-parser": "^4.1.0"
      }
    },
    "postcss-modules-scope": {
      "version": "3.0.0",
      "resolved": "https://registry.npmjs.org/postcss-modules-scope/-/postcss-modules-scope-3.0.0.tgz",
      "integrity": "sha512-hncihwFA2yPath8oZ15PZqvWGkWf+XUfQgUGamS4LqoP1anQLOsOJw0vr7J7IwLpoY9fatA2qiGUGmuZL0Iqlg==",
      "requires": {
        "postcss-selector-parser": "^6.0.4"
      }
    },
    "postcss-modules-values": {
      "version": "4.0.0",
      "resolved": "https://registry.npmjs.org/postcss-modules-values/-/postcss-modules-values-4.0.0.tgz",
      "integrity": "sha512-RDxHkAiEGI78gS2ofyvCsu7iycRv7oqw5xMWn9iMoR0N/7mf9D50ecQqUo5BZ9Zh2vH4bCUR/ktCqbB9m8vJjQ==",
      "requires": {
        "icss-utils": "^5.0.0"
      }
    },
    "postcss-selector-parser": {
      "version": "6.0.5",
      "resolved": "https://registry.npmjs.org/postcss-selector-parser/-/postcss-selector-parser-6.0.5.tgz",
      "integrity": "sha512-aFYPoYmXbZ1V6HZaSvat08M97A8HqO6Pjz+PiNpw/DhuRrC72XWAdp3hL6wusDCN31sSmcZyMGa2hZEuX+Xfhg==",
      "requires": {
        "cssesc": "^3.0.0",
        "util-deprecate": "^1.0.2"
      }
    },
    "postcss-value-parser": {
      "version": "4.1.0",
      "resolved": "https://registry.npmjs.org/postcss-value-parser/-/postcss-value-parser-4.1.0.tgz",
      "integrity": "sha512-97DXOFbQJhk71ne5/Mt6cOu6yxsSfM0QGQyl0L25Gca4yGWEGJaig7l7gbCX623VqTBNGLRLaVUCnNkcedlRSQ=="
    },
    "readdirp": {
      "version": "3.4.0",
      "resolved": "https://registry.npmjs.org/readdirp/-/readdirp-3.4.0.tgz",
      "integrity": "sha512-0xe001vZBnJEK+uKcj8qOhyAKPzIT+gStxWr3LCB0DwcXR5NZJ3IaC+yGnHCYzB/S7ov3m3EEbZI2zeNvX+hGQ==",
      "dev": true,
      "requires": {
        "picomatch": "^2.2.1"
      }
    },
    "resolve": {
      "version": "1.20.0",
      "resolved": "https://registry.npmjs.org/resolve/-/resolve-1.20.0.tgz",
      "integrity": "sha512-wENBPt4ySzg4ybFQW2TT1zMQucPK95HSh/nq2CFTZVOGut2+pQvSsgtda4d26YrYcr067wjbmzOG8byDPBX63A==",
      "dev": true,
      "requires": {
        "is-core-module": "^2.2.0",
        "path-parse": "^1.0.6"
      }
    },
    "rollup": {
      "version": "2.47.0",
      "resolved": "https://registry.npmjs.org/rollup/-/rollup-2.47.0.tgz",
      "integrity": "sha512-rqBjgq9hQfW0vRmz+0S062ORRNJXvwRpzxhFXORvar/maZqY6za3rgQ/p1Glg+j1hnc1GtYyQCPiAei95uTElg==",
      "dev": true,
      "requires": {
        "fsevents": "~2.3.1"
      },
      "dependencies": {
        "fsevents": {
          "version": "2.3.2",
          "resolved": "https://registry.npmjs.org/fsevents/-/fsevents-2.3.2.tgz",
          "integrity": "sha512-xiqMQR4xAeHTuB9uWm+fFRcIOgKBMiOBP+eXiyT7jsgVCq1bkVygt00oASowB7EdtpOHaaPgKt812P9ab+DDKA==",
          "dev": true,
          "optional": true
        }
      }
    },
    "sass": {
      "version": "1.32.4",
      "resolved": "https://registry.npmjs.org/sass/-/sass-1.32.4.tgz",
      "integrity": "sha512-N0BT0PI/t3+gD8jKa83zJJUb7ssfQnRRfqN+GIErokW6U4guBpfYl8qYB+OFLEho+QvnV5ZH1R9qhUC/Z2Ch9w==",
      "dev": true,
      "requires": {
        "chokidar": ">=2.0.0 <4.0.0"
      }
    },
    "source-map": {
      "version": "0.6.1",
      "resolved": "https://registry.npmjs.org/source-map/-/source-map-0.6.1.tgz",
      "integrity": "sha512-UjgapumWlbMhkBgzT7Ykc5YXUT46F0iKu8SGXq0bcwP5dz/h0Plj6enJqjz1Zbq2l5WaqYnrVbwWOWMyF3F47g=="
    },
    "sourcemap-codec": {
      "version": "1.4.8",
      "resolved": "https://registry.npmjs.org/sourcemap-codec/-/sourcemap-codec-1.4.8.tgz",
      "integrity": "sha512-9NykojV5Uih4lgo5So5dtw+f0JgJX30KCNI8gwhz2J9A15wD0Ml6tjHKwf6fTSa6fAdVBdZeNOs9eJ71qCk8vA=="
    },
    "sprintf-js": {
      "version": "1.0.3",
      "resolved": "https://registry.npmjs.org/sprintf-js/-/sprintf-js-1.0.3.tgz",
      "integrity": "sha1-BOaSb2YolTVPPdAVIDYzuFcpfiw=",
      "dev": true
    },
    "string-hash": {
      "version": "1.1.3",
      "resolved": "https://registry.npmjs.org/string-hash/-/string-hash-1.1.3.tgz",
      "integrity": "sha1-6Kr8CsGFW0Zmkp7X3RJ1311sgRs="
    },
    "tiny-sass-compiler": {
      "version": "0.11.0",
      "resolved": "https://registry.npmjs.org/tiny-sass-compiler/-/tiny-sass-compiler-0.11.0.tgz",
      "integrity": "sha512-y9PcxcXSeCJUt2PGU0mLE0y4tmfzMGZ/0qlX9zA330hdq2m9AImH+9dwKUPPvNwUREtNOnJyC+4pZOpTVWFAHg==",
      "requires": {
        "mkdirp": "^1.0.4",
        "source-map": "^0.6.1"
      }
    },
    "to-fast-properties": {
      "version": "2.0.0",
      "resolved": "https://registry.npmjs.org/to-fast-properties/-/to-fast-properties-2.0.0.tgz",
      "integrity": "sha1-3F5pjL0HkmW8c+A3doGk5Og/YW4="
    },
    "to-regex-range": {
      "version": "5.0.1",
      "resolved": "https://registry.npmjs.org/to-regex-range/-/to-regex-range-5.0.1.tgz",
      "integrity": "sha512-65P7iz6X5yEr1cwcgvQxbbIw7Uk3gOy5dIdtZ4rDveLqhrdJP+Li/Hx6tyK0NEb+2GCyneCMJiGqrADCSNk8sQ==",
      "dev": true,
      "requires": {
        "is-number": "^7.0.0"
      }
    },
    "uc.micro": {
      "version": "1.0.6",
      "resolved": "https://registry.npmjs.org/uc.micro/-/uc.micro-1.0.6.tgz",
      "integrity": "sha512-8Y75pvTYkLJW2hWQHXxoqRgV7qb9B+9vFEtidML+7koHUFapnVJAZ6cKs+Qjz5Aw3aZWHMC6u0wJE3At+nSGwA==",
      "dev": true
    },
    "util-deprecate": {
      "version": "1.0.2",
      "resolved": "https://registry.npmjs.org/util-deprecate/-/util-deprecate-1.0.2.tgz",
      "integrity": "sha1-RQ1Nyfpw3nMnYvvS1KKJgUGaDM8="
    },
    "vite": {
      "version": "2.2.4",
      "resolved": "https://registry.npmjs.org/vite/-/vite-2.2.4.tgz",
      "integrity": "sha512-vnIwSNci+phFMp6krhy+FbYzKL0R67Sdt9mVZ96S27AewrApSJjTqncJcalk8sf60BgcbW4+1C6DFIWkxquO9g==",
      "dev": true,
      "requires": {
        "esbuild": "^0.9.3",
        "fsevents": "~2.3.1",
        "postcss": "^8.2.1",
        "resolve": "^1.19.0",
        "rollup": "^2.38.5"
      },
      "dependencies": {
        "fsevents": {
          "version": "2.3.2",
          "resolved": "https://registry.npmjs.org/fsevents/-/fsevents-2.3.2.tgz",
          "integrity": "sha512-xiqMQR4xAeHTuB9uWm+fFRcIOgKBMiOBP+eXiyT7jsgVCq1bkVygt00oASowB7EdtpOHaaPgKt812P9ab+DDKA==",
          "dev": true,
          "optional": true
        }
      }
    },
    "vite-plugin-markdown": {
      "version": "2.0.2",
      "resolved": "https://registry.npmjs.org/vite-plugin-markdown/-/vite-plugin-markdown-2.0.2.tgz",
      "integrity": "sha512-vNEd/BGpWg4A4h7Pa9bnp80yfi4CARtlPpw7Lx5aDliDoaJUsb7dv/uElc1PqL3H1vcSNbYmbS7N9AiuGoI5Eg==",
      "dev": true,
      "requires": {
        "front-matter": "^4.0.0",
        "htmlparser2": "^6.0.0",
        "markdown-it": "^12.0.0"
      }
    },
    "vue": {
      "version": "3.0.11",
      "resolved": "https://registry.npmjs.org/vue/-/vue-3.0.11.tgz",
      "integrity": "sha512-3/eUi4InQz8MPzruHYSTQPxtM3LdZ1/S/BvaU021zBnZi0laRUyH6pfuE4wtUeLvI8wmUNwj5wrZFvbHUXL9dw==",
      "requires": {
        "@vue/compiler-dom": "3.0.11",
        "@vue/runtime-dom": "3.0.11",
        "@vue/shared": "3.0.11"
      }
    },
    "vue-router": {
      "version": "4.0.6",
      "resolved": "https://registry.npmjs.org/vue-router/-/vue-router-4.0.6.tgz",
      "integrity": "sha512-Y04llmK2PyaESj+N33VxLjGCUDuv9t4q2OpItEGU7POZiuQZaugV6cJpE6Qm1sVFtxufodLKN2y2dQl9nk0Reg=="
    },
    "vuex": {
      "version": "4.0.0",
      "resolved": "https://registry.npmjs.org/vuex/-/vuex-4.0.0.tgz",
      "integrity": "sha512-56VPujlHscP5q/e7Jlpqc40sja4vOhC4uJD1llBCWolVI8ND4+VzisDVkUMl+z5y0MpIImW6HjhNc+ZvuizgOw=="
    },
    "yallist": {
      "version": "3.1.1",
      "resolved": "https://registry.npmjs.org/yallist/-/yallist-3.1.1.tgz",
      "integrity": "sha512-a4UGQaWPH59mOXUYnAG2ewncQS4i4F43Tv3JoAM+s2VDAmS9NsK8GpDMLrCHPksFT7h3K6TOoUNn2pb7RoXx4g=="
    }
  }
}
